// !$*UTF8*$!
{
	archiveVersion = 1;
	classes = {
	};
	objectVersion = 77;
	objects = {

/* Begin PBXBuildFile section */
		4269CBB12D7E088700435E16 /* UnfurlyExtension Extension.appex in Embed Foundation Extensions */ = {isa = PBXBuildFile; fileRef = 4269CBB02D7E088700435E16 /* UnfurlyExtension Extension.appex */; settings = {ATTRIBUTES = (RemoveHeadersOnCopy, ); }; };
		4269CBBB2D7E088700435E16 /* UnfurlyExtension Extension.appex in Embed Foundation Extensions */ = {isa = PBXBuildFile; fileRef = 4269CBBA2D7E088700435E16 /* UnfurlyExtension Extension.appex */; settings = {ATTRIBUTES = (RemoveHeadersOnCopy, ); }; };
/* End PBXBuildFile section */

/* Begin PBXContainerItemProxy section */
		4269CBB22D7E088700435E16 /* PBXContainerItemProxy */ = {
			isa = PBXContainerItemProxy;
			containerPortal = 4269CB762D7E088500435E16 /* Project object */;
			proxyType = 1;
			remoteGlobalIDString = 4269CBAF2D7E088700435E16;
			remoteInfo = "UnfurlyExtension Extension (iOS)";
		};
		4269CBBC2D7E088700435E16 /* PBXContainerItemProxy */ = {
			isa = PBXContainerItemProxy;
			containerPortal = 4269CB762D7E088500435E16 /* Project object */;
			proxyType = 1;
			remoteGlobalIDString = 4269CBB92D7E088700435E16;
			remoteInfo = "UnfurlyExtension Extension (macOS)";
		};
/* End PBXContainerItemProxy section */

/* Begin PBXCopyFilesBuildPhase section */
		4269CBE42D7E088700435E16 /* Embed Foundation Extensions */ = {
			isa = PBXCopyFilesBuildPhase;
			buildActionMask = 2147483647;
			dstPath = "";
			dstSubfolderSpec = 13;
			files = (
				4269CBB12D7E088700435E16 /* UnfurlyExtension Extension.appex in Embed Foundation Extensions */,
			);
			name = "Embed Foundation Extensions";
			runOnlyForDeploymentPostprocessing = 0;
		};
		4269CBEE2D7E088700435E16 /* Embed Foundation Extensions */ = {
			isa = PBXCopyFilesBuildPhase;
			buildActionMask = 2147483647;
			dstPath = "";
			dstSubfolderSpec = 13;
			files = (
				4269CBBB2D7E088700435E16 /* UnfurlyExtension Extension.appex in Embed Foundation Extensions */,
			);
			name = "Embed Foundation Extensions";
			runOnlyForDeploymentPostprocessing = 0;
		};
		427578B92D7E22CA005AF3C5 /* CopyFiles */ = {
			isa = PBXCopyFilesBuildPhase;
			buildActionMask = 2147483647;
			dstPath = popup;
			dstSubfolderSpec = 7;
			files = (
			);
			runOnlyForDeploymentPostprocessing = 0;
		};
		427578BE2D7E2319005AF3C5 /* CopyFiles */ = {
			isa = PBXCopyFilesBuildPhase;
			buildActionMask = 2147483647;
			dstPath = css;
			dstSubfolderSpec = 7;
			files = (
			);
			runOnlyForDeploymentPostprocessing = 0;
		};
		427578C12D7E2329005AF3C5 /* CopyFiles */ = {
			isa = PBXCopyFilesBuildPhase;
			buildActionMask = 2147483647;
			dstPath = lib;
			dstSubfolderSpec = 7;
			files = (
			);
			runOnlyForDeploymentPostprocessing = 0;
		};
		427578C42D7E2338005AF3C5 /* CopyFiles */ = {
			isa = PBXCopyFilesBuildPhase;
			buildActionMask = 2147483647;
			dstPath = fonts;
			dstSubfolderSpec = 7;
			files = (
			);
			runOnlyForDeploymentPostprocessing = 0;
		};
		427578CB2D7E2352005AF3C5 /* CopyFiles */ = {
			isa = PBXCopyFilesBuildPhase;
			buildActionMask = 2147483647;
			dstPath = css;
			dstSubfolderSpec = 7;
			files = (
			);
			runOnlyForDeploymentPostprocessing = 0;
		};
		427578CE2D7E235E005AF3C5 /* CopyFiles */ = {
			isa = PBXCopyFilesBuildPhase;
			buildActionMask = 2147483647;
			dstPath = fonts;
			dstSubfolderSpec = 7;
			files = (
			);
			runOnlyForDeploymentPostprocessing = 0;
		};
		427578D52D7E236C005AF3C5 /* CopyFiles */ = {
			isa = PBXCopyFilesBuildPhase;
			buildActionMask = 2147483647;
			dstPath = lib;
			dstSubfolderSpec = 7;
			files = (
			);
			runOnlyForDeploymentPostprocessing = 0;
		};
		427578D82D7E2375005AF3C5 /* CopyFiles */ = {
			isa = PBXCopyFilesBuildPhase;
			buildActionMask = 2147483647;
			dstPath = popup;
			dstSubfolderSpec = 7;
			files = (
			);
			runOnlyForDeploymentPostprocessing = 0;
		};
/* End PBXCopyFilesBuildPhase section */

/* Begin PBXFileReference section */
		4269CB922D7E088700435E16 /* UnfurlyExtension.app */ = {isa = PBXFileReference; explicitFileType = wrapper.application; includeInIndex = 0; path = UnfurlyExtension.app; sourceTree = BUILT_PRODUCTS_DIR; };
		4269CBA42D7E088700435E16 /* UnfurlyExtension.app */ = {isa = PBXFileReference; explicitFileType = wrapper.application; includeInIndex = 0; path = UnfurlyExtension.app; sourceTree = BUILT_PRODUCTS_DIR; };
		4269CBB02D7E088700435E16 /* UnfurlyExtension Extension.appex */ = {isa = PBXFileReference; explicitFileType = "wrapper.app-extension"; includeInIndex = 0; path = "UnfurlyExtension Extension.appex"; sourceTree = BUILT_PRODUCTS_DIR; };
		4269CBBA2D7E088700435E16 /* UnfurlyExtension Extension.appex */ = {isa = PBXFileReference; explicitFileType = "wrapper.app-extension"; includeInIndex = 0; path = "UnfurlyExtension Extension.appex"; sourceTree = BUILT_PRODUCTS_DIR; };
/* End PBXFileReference section */

/* Begin PBXFileSystemSynchronizedBuildFileExceptionSet section */
		4269CBDF2D7E088700435E16 /* Exceptions for "Shared (App)" folder in "UnfurlyExtension (iOS)" target */ = {
			isa = PBXFileSystemSynchronizedBuildFileExceptionSet;
			membershipExceptions = (
				"/Localized: Resources/Main.html",
				Assets.xcassets,
				Resources/icon.png,
				Resources/Script.js,
				Resources/Style.css,
				ViewController.swift,
			);
			target = 4269CB912D7E088700435E16 /* UnfurlyExtension (iOS) */;
		};
		4269CBE32D7E088700435E16 /* Exceptions for "iOS (Extension)" folder in "UnfurlyExtension Extension (iOS)" target */ = {
			isa = PBXFileSystemSynchronizedBuildFileExceptionSet;
			membershipExceptions = (
				Info.plist,
			);
			target = 4269CBAF2D7E088700435E16 /* UnfurlyExtension Extension (iOS) */;
		};
		4269CBE82D7E088700435E16 /* Exceptions for "iOS (App)" folder in "UnfurlyExtension (iOS)" target */ = {
			isa = PBXFileSystemSynchronizedBuildFileExceptionSet;
			membershipExceptions = (
				Info.plist,
			);
			target = 4269CB912D7E088700435E16 /* UnfurlyExtension (iOS) */;
		};
		4269CBE92D7E088700435E16 /* Exceptions for "Shared (App)" folder in "UnfurlyExtension (macOS)" target */ = {
			isa = PBXFileSystemSynchronizedBuildFileExceptionSet;
			membershipExceptions = (
				"/Localized: Resources/Main.html",
				Assets.xcassets,
				Resources/icon.png,
				Resources/Script.js,
				Resources/Style.css,
				ViewController.swift,
			);
			target = 4269CBA32D7E088700435E16 /* UnfurlyExtension (macOS) */;
		};
		4269CBED2D7E088700435E16 /* Exceptions for "macOS (Extension)" folder in "UnfurlyExtension Extension (macOS)" target */ = {
			isa = PBXFileSystemSynchronizedBuildFileExceptionSet;
			membershipExceptions = (
				Info.plist,
			);
			target = 4269CBB92D7E088700435E16 /* UnfurlyExtension Extension (macOS) */;
		};
		427578DD2D7E23CE005AF3C5 /* Exceptions for "Shared (Extension)" folder in "UnfurlyExtension Extension (macOS)" target */ = {
			isa = PBXFileSystemSynchronizedBuildFileExceptionSet;
			membershipExceptions = (
				Resources/css/primeicons.css,
				Resources/fonts/primeicons.eot,
				Resources/fonts/primeicons.svg,
				Resources/fonts/primeicons.ttf,
				Resources/fonts/primeicons.woff,
				Resources/fonts/primeicons.woff2,
				Resources/lib/qrcode.js,
				Resources/popup/popup.css,
				Resources/popup/popup.html,
				Resources/popup/popup.js,
			);
			target = 4269CBB92D7E088700435E16 /* UnfurlyExtension Extension (macOS) */;
		};
		427578DE2D7E23CF005AF3C5 /* Exceptions for "Shared (Extension)" folder in "UnfurlyExtension Extension (iOS)" target */ = {
			isa = PBXFileSystemSynchronizedBuildFileExceptionSet;
			membershipExceptions = (
				Resources/css/primeicons.css,
				Resources/fonts/primeicons.eot,
				Resources/fonts/primeicons.svg,
				Resources/fonts/primeicons.ttf,
				Resources/fonts/primeicons.woff,
				Resources/fonts/primeicons.woff2,
				Resources/lib/qrcode.js,
				Resources/popup/popup.css,
				Resources/popup/popup.html,
				Resources/popup/popup.js,
			);
			target = 4269CBAF2D7E088700435E16 /* UnfurlyExtension Extension (iOS) */;
		};
/* End PBXFileSystemSynchronizedBuildFileExceptionSet section */

/* Begin PBXFileSystemSynchronizedGroupBuildPhaseMembershipExceptionSet section */
		427578E22D7E242E005AF3C5 /* Exceptions for "Shared (Extension)" folder in "Copy Files" phase from "UnfurlyExtension Extension (iOS)" target */ = {
			isa = PBXFileSystemSynchronizedGroupBuildPhaseMembershipExceptionSet;
			buildPhase = 427578B92D7E22CA005AF3C5 /* CopyFiles */;
			membershipExceptions = (
				Resources/popup/popup.css,
				Resources/popup/popup.html,
				Resources/popup/popup.js,
			);
		};
		427578E42D7E2433005AF3C5 /* Exceptions for "Shared (Extension)" folder in "Copy Files" phase from "UnfurlyExtension Extension (iOS)" target */ = {
			isa = PBXFileSystemSynchronizedGroupBuildPhaseMembershipExceptionSet;
			buildPhase = 427578BE2D7E2319005AF3C5 /* CopyFiles */;
			membershipExceptions = (
				Resources/css/primeicons.css,
			);
		};
		427578E62D7E2441005AF3C5 /* Exceptions for "Shared (Extension)" folder in "Copy Files" phase from "UnfurlyExtension Extension (iOS)" target */ = {
			isa = PBXFileSystemSynchronizedGroupBuildPhaseMembershipExceptionSet;
			buildPhase = 427578C12D7E2329005AF3C5 /* CopyFiles */;
			membershipExceptions = (
				Resources/lib/qrcode.js,
			);
		};
		427578EC2D7E244A005AF3C5 /* Exceptions for "Shared (Extension)" folder in "Copy Files" phase from "UnfurlyExtension Extension (iOS)" target */ = {
			isa = PBXFileSystemSynchronizedGroupBuildPhaseMembershipExceptionSet;
			buildPhase = 427578C42D7E2338005AF3C5 /* CopyFiles */;
			membershipExceptions = (
				Resources/fonts/primeicons.eot,
				Resources/fonts/primeicons.svg,
				Resources/fonts/primeicons.ttf,
				Resources/fonts/primeicons.woff,
				Resources/fonts/primeicons.woff2,
			);
		};
		427578EE2D7E2452005AF3C5 /* Exceptions for "Shared (Extension)" folder in "Copy Files" phase from "UnfurlyExtension Extension (macOS)" target */ = {
			isa = PBXFileSystemSynchronizedGroupBuildPhaseMembershipExceptionSet;
			buildPhase = 427578CB2D7E2352005AF3C5 /* CopyFiles */;
			membershipExceptions = (
				Resources/css/primeicons.css,
			);
		};
		427578F42D7E2458005AF3C5 /* Exceptions for "Shared (Extension)" folder in "Copy Files" phase from "UnfurlyExtension Extension (macOS)" target */ = {
			isa = PBXFileSystemSynchronizedGroupBuildPhaseMembershipExceptionSet;
			buildPhase = 427578CE2D7E235E005AF3C5 /* CopyFiles */;
			membershipExceptions = (
				Resources/fonts/primeicons.eot,
				Resources/fonts/primeicons.svg,
				Resources/fonts/primeicons.ttf,
				Resources/fonts/primeicons.woff,
				Resources/fonts/primeicons.woff2,
			);
		};
		427578F62D7E245C005AF3C5 /* Exceptions for "Shared (Extension)" folder in "Copy Files" phase from "UnfurlyExtension Extension (macOS)" target */ = {
			isa = PBXFileSystemSynchronizedGroupBuildPhaseMembershipExceptionSet;
			buildPhase = 427578D52D7E236C005AF3C5 /* CopyFiles */;
			membershipExceptions = (
				Resources/lib/qrcode.js,
			);
		};
		427578FA2D7E2463005AF3C5 /* Exceptions for "Shared (Extension)" folder in "Copy Files" phase from "UnfurlyExtension Extension (macOS)" target */ = {
			isa = PBXFileSystemSynchronizedGroupBuildPhaseMembershipExceptionSet;
			buildPhase = 427578D82D7E2375005AF3C5 /* CopyFiles */;
			membershipExceptions = (
				Resources/popup/popup.css,
				Resources/popup/popup.html,
				Resources/popup/popup.js,
			);
		};
/* End PBXFileSystemSynchronizedGroupBuildPhaseMembershipExceptionSet section */

/* Begin PBXFileSystemSynchronizedRootGroup section */
		4269CB7A2D7E088500435E16 /* Shared (App) */ = {
			isa = PBXFileSystemSynchronizedRootGroup;
			exceptions = (
				4269CBDF2D7E088700435E16 /* Exceptions for "Shared (App)" folder in "UnfurlyExtension (iOS)" target */,
				4269CBE92D7E088700435E16 /* Exceptions for "Shared (App)" folder in "UnfurlyExtension (macOS)" target */,
			);
			path = "Shared (App)";
			sourceTree = "<group>";
		};
		4269CB832D7E088700435E16 /* Shared (Extension) */ = {
			isa = PBXFileSystemSynchronizedRootGroup;
			exceptions = (
				427578DE2D7E23CF005AF3C5 /* Exceptions for "Shared (Extension)" folder in "UnfurlyExtension Extension (iOS)" target */,
				427578E22D7E242E005AF3C5 /* Exceptions for "Shared (Extension)" folder in "Copy Files" phase from "UnfurlyExtension Extension (iOS)" target */,
				427578E42D7E2433005AF3C5 /* Exceptions for "Shared (Extension)" folder in "Copy Files" phase from "UnfurlyExtension Extension (iOS)" target */,
				427578E62D7E2441005AF3C5 /* Exceptions for "Shared (Extension)" folder in "Copy Files" phase from "UnfurlyExtension Extension (iOS)" target */,
				427578EC2D7E244A005AF3C5 /* Exceptions for "Shared (Extension)" folder in "Copy Files" phase from "UnfurlyExtension Extension (iOS)" target */,
				427578DD2D7E23CE005AF3C5 /* Exceptions for "Shared (Extension)" folder in "UnfurlyExtension Extension (macOS)" target */,
				427578EE2D7E2452005AF3C5 /* Exceptions for "Shared (Extension)" folder in "Copy Files" phase from "UnfurlyExtension Extension (macOS)" target */,
				427578F42D7E2458005AF3C5 /* Exceptions for "Shared (Extension)" folder in "Copy Files" phase from "UnfurlyExtension Extension (macOS)" target */,
				427578F62D7E245C005AF3C5 /* Exceptions for "Shared (Extension)" folder in "Copy Files" phase from "UnfurlyExtension Extension (macOS)" target */,
				427578FA2D7E2463005AF3C5 /* Exceptions for "Shared (Extension)" folder in "Copy Files" phase from "UnfurlyExtension Extension (macOS)" target */,
			);
			explicitFolders = (
				Resources/_locales,
				Resources/images,
			);
			path = "Shared (Extension)";
			sourceTree = "<group>";
		};
		4269CB942D7E088700435E16 /* iOS (App) */ = {
			isa = PBXFileSystemSynchronizedRootGroup;
			exceptions = (
				4269CBE82D7E088700435E16 /* Exceptions for "iOS (App)" folder in "UnfurlyExtension (iOS)" target */,
			);
			path = "iOS (App)";
			sourceTree = "<group>";
		};
		4269CBA52D7E088700435E16 /* macOS (App) */ = {
			isa = PBXFileSystemSynchronizedRootGroup;
			path = "macOS (App)";
			sourceTree = "<group>";
		};
		4269CBB42D7E088700435E16 /* iOS (Extension) */ = {
			isa = PBXFileSystemSynchronizedRootGroup;
			exceptions = (
				4269CBE32D7E088700435E16 /* Exceptions for "iOS (Extension)" folder in "UnfurlyExtension Extension (iOS)" target */,
			);
			path = "iOS (Extension)";
			sourceTree = "<group>";
		};
		4269CBBE2D7E088700435E16 /* macOS (Extension) */ = {
			isa = PBXFileSystemSynchronizedRootGroup;
			exceptions = (
				4269CBED2D7E088700435E16 /* Exceptions for "macOS (Extension)" folder in "UnfurlyExtension Extension (macOS)" target */,
			);
			path = "macOS (Extension)";
			sourceTree = "<group>";
		};
		4269CC5D2D7E180100435E16 /* macos */ = {
			isa = PBXFileSystemSynchronizedRootGroup;
			explicitFolders = (
				Resources/_locales,
				Resources/images,
			);
			path = macos;
			sourceTree = "<group>";
		};
/* End PBXFileSystemSynchronizedRootGroup section */

/* Begin PBXFrameworksBuildPhase section */
		4269CB8F2D7E088700435E16 /* Frameworks */ = {
			isa = PBXFrameworksBuildPhase;
			buildActionMask = 2147483647;
			files = (
			);
			runOnlyForDeploymentPostprocessing = 0;
		};
		4269CBA12D7E088700435E16 /* Frameworks */ = {
			isa = PBXFrameworksBuildPhase;
			buildActionMask = 2147483647;
			files = (
			);
			runOnlyForDeploymentPostprocessing = 0;
		};
		4269CBAD2D7E088700435E16 /* Frameworks */ = {
			isa = PBXFrameworksBuildPhase;
			buildActionMask = 2147483647;
			files = (
			);
			runOnlyForDeploymentPostprocessing = 0;
		};
		4269CBB72D7E088700435E16 /* Frameworks */ = {
			isa = PBXFrameworksBuildPhase;
			buildActionMask = 2147483647;
			files = (
			);
			runOnlyForDeploymentPostprocessing = 0;
		};
/* End PBXFrameworksBuildPhase section */

/* Begin PBXGroup section */
		4269CB752D7E088400435E16 = {
			isa = PBXGroup;
			children = (
				4269CB7A2D7E088500435E16 /* Shared (App) */,
				4269CB832D7E088700435E16 /* Shared (Extension) */,
				4269CB942D7E088700435E16 /* iOS (App) */,
				4269CBA52D7E088700435E16 /* macOS (App) */,
				4269CBB42D7E088700435E16 /* iOS (Extension) */,
				4269CBBE2D7E088700435E16 /* macOS (Extension) */,
				4269CC5D2D7E180100435E16 /* macos */,
				4269CB932D7E088700435E16 /* Products */,
			);
			sourceTree = "<group>";
		};
		4269CB932D7E088700435E16 /* Products */ = {
			isa = PBXGroup;
			children = (
				4269CB922D7E088700435E16 /* UnfurlyExtension.app */,
				4269CBA42D7E088700435E16 /* UnfurlyExtension.app */,
				4269CBB02D7E088700435E16 /* UnfurlyExtension Extension.appex */,
				4269CBBA2D7E088700435E16 /* UnfurlyExtension Extension.appex */,
			);
			name = Products;
			sourceTree = "<group>";
		};
/* End PBXGroup section */

/* Begin PBXNativeTarget section */
		4269CB912D7E088700435E16 /* UnfurlyExtension (iOS) */ = {
			isa = PBXNativeTarget;
			buildConfigurationList = 4269CBE52D7E088700435E16 /* Build configuration list for PBXNativeTarget "UnfurlyExtension (iOS)" */;
			buildPhases = (
				4269CB8E2D7E088700435E16 /* Sources */,
				4269CB8F2D7E088700435E16 /* Frameworks */,
				4269CB902D7E088700435E16 /* Resources */,
				4269CBE42D7E088700435E16 /* Embed Foundation Extensions */,
			);
			buildRules = (
			);
			dependencies = (
				4269CBB32D7E088700435E16 /* PBXTargetDependency */,
			);
			fileSystemSynchronizedGroups = (
				4269CB942D7E088700435E16 /* iOS (App) */,
			);
			name = "UnfurlyExtension (iOS)";
			packageProductDependencies = (
			);
			productName = "UnfurlyExtension (iOS)";
			productReference = 4269CB922D7E088700435E16 /* UnfurlyExtension.app */;
			productType = "com.apple.product-type.application";
		};
		4269CBA32D7E088700435E16 /* UnfurlyExtension (macOS) */ = {
			isa = PBXNativeTarget;
			buildConfigurationList = 4269CBEF2D7E088700435E16 /* Build configuration list for PBXNativeTarget "UnfurlyExtension (macOS)" */;
			buildPhases = (
				4269CBA02D7E088700435E16 /* Sources */,
				4269CBA12D7E088700435E16 /* Frameworks */,
				4269CBA22D7E088700435E16 /* Resources */,
				4269CBEE2D7E088700435E16 /* Embed Foundation Extensions */,
			);
			buildRules = (
			);
			dependencies = (
				4269CBBD2D7E088700435E16 /* PBXTargetDependency */,
			);
			fileSystemSynchronizedGroups = (
				4269CBA52D7E088700435E16 /* macOS (App) */,
			);
			name = "UnfurlyExtension (macOS)";
			packageProductDependencies = (
			);
			productName = "UnfurlyExtension (macOS)";
			productReference = 4269CBA42D7E088700435E16 /* UnfurlyExtension.app */;
			productType = "com.apple.product-type.application";
		};
		4269CBAF2D7E088700435E16 /* UnfurlyExtension Extension (iOS) */ = {
			isa = PBXNativeTarget;
			buildConfigurationList = 4269CBE02D7E088700435E16 /* Build configuration list for PBXNativeTarget "UnfurlyExtension Extension (iOS)" */;
			buildPhases = (
				4269CBAC2D7E088700435E16 /* Sources */,
				4269CBAD2D7E088700435E16 /* Frameworks */,
				4269CBAE2D7E088700435E16 /* Resources */,
				427578B92D7E22CA005AF3C5 /* CopyFiles */,
				427578BE2D7E2319005AF3C5 /* CopyFiles */,
				427578C12D7E2329005AF3C5 /* CopyFiles */,
				427578C42D7E2338005AF3C5 /* CopyFiles */,
			);
			buildRules = (
			);
			dependencies = (
			);
			fileSystemSynchronizedGroups = (
				4269CB832D7E088700435E16 /* Shared (Extension) */,
				4269CBB42D7E088700435E16 /* iOS (Extension) */,
			);
			name = "UnfurlyExtension Extension (iOS)";
			packageProductDependencies = (
			);
			productName = "UnfurlyExtension Extension (iOS)";
			productReference = 4269CBB02D7E088700435E16 /* UnfurlyExtension Extension.appex */;
			productType = "com.apple.product-type.app-extension";
		};
		4269CBB92D7E088700435E16 /* UnfurlyExtension Extension (macOS) */ = {
			isa = PBXNativeTarget;
			buildConfigurationList = 4269CBEA2D7E088700435E16 /* Build configuration list for PBXNativeTarget "UnfurlyExtension Extension (macOS)" */;
			buildPhases = (
				4269CBB62D7E088700435E16 /* Sources */,
				4269CBB72D7E088700435E16 /* Frameworks */,
				4269CBB82D7E088700435E16 /* Resources */,
				427578CB2D7E2352005AF3C5 /* CopyFiles */,
				427578CE2D7E235E005AF3C5 /* CopyFiles */,
				427578D52D7E236C005AF3C5 /* CopyFiles */,
				427578D82D7E2375005AF3C5 /* CopyFiles */,
			);
			buildRules = (
			);
			dependencies = (
			);
			fileSystemSynchronizedGroups = (
				4269CB832D7E088700435E16 /* Shared (Extension) */,
				4269CBBE2D7E088700435E16 /* macOS (Extension) */,
			);
			name = "UnfurlyExtension Extension (macOS)";
			packageProductDependencies = (
			);
			productName = "UnfurlyExtension Extension (macOS)";
			productReference = 4269CBBA2D7E088700435E16 /* UnfurlyExtension Extension.appex */;
			productType = "com.apple.product-type.app-extension";
		};
/* End PBXNativeTarget section */

/* Begin PBXProject section */
		4269CB762D7E088500435E16 /* Project object */ = {
			isa = PBXProject;
			attributes = {
				BuildIndependentTargetsInParallel = 1;
				LastSwiftUpdateCheck = 1620;
				LastUpgradeCheck = 1620;
				TargetAttributes = {
					4269CB912D7E088700435E16 = {
						CreatedOnToolsVersion = 16.2;
					};
					4269CBA32D7E088700435E16 = {
						CreatedOnToolsVersion = 16.2;
					};
					4269CBAF2D7E088700435E16 = {
						CreatedOnToolsVersion = 16.2;
					};
					4269CBB92D7E088700435E16 = {
						CreatedOnToolsVersion = 16.2;
					};
				};
			};
			buildConfigurationList = 4269CB792D7E088500435E16 /* Build configuration list for PBXProject "UnfurlyExtension" */;
			developmentRegion = en;
			hasScannedForEncodings = 0;
			knownRegions = (
				en,
				Base,
			);
			mainGroup = 4269CB752D7E088400435E16;
			minimizedProjectReferenceProxies = 1;
			preferredProjectObjectVersion = 77;
			productRefGroup = 4269CB932D7E088700435E16 /* Products */;
			projectDirPath = "";
			projectRoot = "";
			targets = (
				4269CB912D7E088700435E16 /* UnfurlyExtension (iOS) */,
				4269CBA32D7E088700435E16 /* UnfurlyExtension (macOS) */,
				4269CBAF2D7E088700435E16 /* UnfurlyExtension Extension (iOS) */,
				4269CBB92D7E088700435E16 /* UnfurlyExtension Extension (macOS) */,
			);
		};
/* End PBXProject section */

/* Begin PBXResourcesBuildPhase section */
		4269CB902D7E088700435E16 /* Resources */ = {
			isa = PBXResourcesBuildPhase;
			buildActionMask = 2147483647;
			files = (
			);
			runOnlyForDeploymentPostprocessing = 0;
		};
		4269CBA22D7E088700435E16 /* Resources */ = {
			isa = PBXResourcesBuildPhase;
			buildActionMask = 2147483647;
			files = (
			);
			runOnlyForDeploymentPostprocessing = 0;
		};
		4269CBAE2D7E088700435E16 /* Resources */ = {
			isa = PBXResourcesBuildPhase;
			buildActionMask = 2147483647;
			files = (
			);
			runOnlyForDeploymentPostprocessing = 0;
		};
		4269CBB82D7E088700435E16 /* Resources */ = {
			isa = PBXResourcesBuildPhase;
			buildActionMask = 2147483647;
			files = (
			);
			runOnlyForDeploymentPostprocessing = 0;
		};
/* End PBXResourcesBuildPhase section */

/* Begin PBXSourcesBuildPhase section */
		4269CB8E2D7E088700435E16 /* Sources */ = {
			isa = PBXSourcesBuildPhase;
			buildActionMask = 2147483647;
			files = (
			);
			runOnlyForDeploymentPostprocessing = 0;
		};
		4269CBA02D7E088700435E16 /* Sources */ = {
			isa = PBXSourcesBuildPhase;
			buildActionMask = 2147483647;
			files = (
			);
			runOnlyForDeploymentPostprocessing = 0;
		};
		4269CBAC2D7E088700435E16 /* Sources */ = {
			isa = PBXSourcesBuildPhase;
			buildActionMask = 2147483647;
			files = (
			);
			runOnlyForDeploymentPostprocessing = 0;
		};
		4269CBB62D7E088700435E16 /* Sources */ = {
			isa = PBXSourcesBuildPhase;
			buildActionMask = 2147483647;
			files = (
			);
			runOnlyForDeploymentPostprocessing = 0;
		};
/* End PBXSourcesBuildPhase section */

/* Begin PBXTargetDependency section */
		4269CBB32D7E088700435E16 /* PBXTargetDependency */ = {
			isa = PBXTargetDependency;
			target = 4269CBAF2D7E088700435E16 /* UnfurlyExtension Extension (iOS) */;
			targetProxy = 4269CBB22D7E088700435E16 /* PBXContainerItemProxy */;
		};
		4269CBBD2D7E088700435E16 /* PBXTargetDependency */ = {
			isa = PBXTargetDependency;
			target = 4269CBB92D7E088700435E16 /* UnfurlyExtension Extension (macOS) */;
			targetProxy = 4269CBBC2D7E088700435E16 /* PBXContainerItemProxy */;
		};
/* End PBXTargetDependency section */

/* Begin XCBuildConfiguration section */
		4269CBE12D7E088700435E16 /* Debug */ = {
			isa = XCBuildConfiguration;
			buildSettings = {
				CODE_SIGN_STYLE = Automatic;
				CURRENT_PROJECT_VERSION = 1;
				DEVELOPMENT_TEAM = HDB572RDP2;
				GENERATE_INFOPLIST_FILE = YES;
				INFOPLIST_FILE = "iOS (Extension)/Info.plist";
				INFOPLIST_KEY_CFBundleDisplayName = "UnfurlyExtension Extension";
				INFOPLIST_KEY_NSHumanReadableCopyright = "";
				IPHONEOS_DEPLOYMENT_TARGET = 15.0;
				LD_RUNPATH_SEARCH_PATHS = (
					"$(inherited)",
					"@executable_path/Frameworks",
					"@executable_path/../../Frameworks",
				);
				MARKETING_VERSION = 1.0;
				OTHER_LDFLAGS = (
					"-framework",
					SafariServices,
				);
				PRODUCT_BUNDLE_IDENTIFIER = ly.unfur.UnfurlyExtension.Extension;
				PRODUCT_NAME = "UnfurlyExtension Extension";
				SDKROOT = iphoneos;
				SKIP_INSTALL = YES;
				SWIFT_EMIT_LOC_STRINGS = YES;
				SWIFT_VERSION = 5.0;
				TARGETED_DEVICE_FAMILY = "1,2";
			};
			name = Debug;
		};
		4269CBE22D7E088700435E16 /* Release */ = {
			isa = XCBuildConfiguration;
			buildSettings = {
				CODE_SIGN_STYLE = Automatic;
				CURRENT_PROJECT_VERSION = 1;
				DEVELOPMENT_TEAM = HDB572RDP2;
				GENERATE_INFOPLIST_FILE = YES;
				INFOPLIST_FILE = "iOS (Extension)/Info.plist";
				INFOPLIST_KEY_CFBundleDisplayName = "UnfurlyExtension Extension";
				INFOPLIST_KEY_NSHumanReadableCopyright = "";
				IPHONEOS_DEPLOYMENT_TARGET = 15.0;
				LD_RUNPATH_SEARCH_PATHS = (
					"$(inherited)",
					"@executable_path/Frameworks",
					"@executable_path/../../Frameworks",
				);
				MARKETING_VERSION = 1.0;
				OTHER_LDFLAGS = (
					"-framework",
					SafariServices,
				);
				PRODUCT_BUNDLE_IDENTIFIER = ly.unfur.UnfurlyExtension.Extension;
				PRODUCT_NAME = "UnfurlyExtension Extension";
				SDKROOT = iphoneos;
				SKIP_INSTALL = YES;
				SWIFT_EMIT_LOC_STRINGS = YES;
				SWIFT_VERSION = 5.0;
				TARGETED_DEVICE_FAMILY = "1,2";
				VALIDATE_PRODUCT = YES;
			};
			name = Release;
		};
		4269CBE62D7E088700435E16 /* Debug */ = {
			isa = XCBuildConfiguration;
			buildSettings = {
				ASSETCATALOG_COMPILER_APPICON_NAME = AppIcon;
				ASSETCATALOG_COMPILER_GLOBAL_ACCENT_COLOR_NAME = AccentColor;
				CODE_SIGN_STYLE = Automatic;
				CURRENT_PROJECT_VERSION = 1;
				DEVELOPMENT_TEAM = HDB572RDP2;
				GENERATE_INFOPLIST_FILE = YES;
				INFOPLIST_FILE = "iOS (App)/Info.plist";
				INFOPLIST_KEY_CFBundleDisplayName = UnfurlyExtension;
				INFOPLIST_KEY_UIApplicationSupportsIndirectInputEvents = YES;
				INFOPLIST_KEY_UILaunchStoryboardName = LaunchScreen;
				INFOPLIST_KEY_UIMainStoryboardFile = Main;
				INFOPLIST_KEY_UISupportedInterfaceOrientations = "UIInterfaceOrientationPortrait UIInterfaceOrientationLandscapeLeft UIInterfaceOrientationLandscapeRight";
				INFOPLIST_KEY_UISupportedInterfaceOrientations_iPad = "UIInterfaceOrientationPortrait UIInterfaceOrientationPortraitUpsideDown UIInterfaceOrientationLandscapeLeft UIInterfaceOrientationLandscapeRight";
				IPHONEOS_DEPLOYMENT_TARGET = 15.0;
				LD_RUNPATH_SEARCH_PATHS = (
					"$(inherited)",
					"@executable_path/Frameworks",
				);
				MARKETING_VERSION = 1.0;
				OTHER_LDFLAGS = (
					"-framework",
					SafariServices,
					"-framework",
					WebKit,
				);
				PRODUCT_BUNDLE_IDENTIFIER = ly.unfur.UnfurlyExtension;
				PRODUCT_NAME = UnfurlyExtension;
				SDKROOT = iphoneos;
				SWIFT_EMIT_LOC_STRINGS = YES;
				SWIFT_VERSION = 5.0;
				TARGETED_DEVICE_FAMILY = "1,2";
			};
			name = Debug;
		};
		4269CBE72D7E088700435E16 /* Release */ = {
			isa = XCBuildConfiguration;
			buildSettings = {
				ASSETCATALOG_COMPILER_APPICON_NAME = AppIcon;
				ASSETCATALOG_COMPILER_GLOBAL_ACCENT_COLOR_NAME = AccentColor;
				CODE_SIGN_STYLE = Automatic;
				CURRENT_PROJECT_VERSION = 1;
				DEVELOPMENT_TEAM = HDB572RDP2;
				GENERATE_INFOPLIST_FILE = YES;
				INFOPLIST_FILE = "iOS (App)/Info.plist";
				INFOPLIST_KEY_CFBundleDisplayName = UnfurlyExtension;
				INFOPLIST_KEY_UIApplicationSupportsIndirectInputEvents = YES;
				INFOPLIST_KEY_UILaunchStoryboardName = LaunchScreen;
				INFOPLIST_KEY_UIMainStoryboardFile = Main;
				INFOPLIST_KEY_UISupportedInterfaceOrientations = "UIInterfaceOrientationPortrait UIInterfaceOrientationLandscapeLeft UIInterfaceOrientationLandscapeRight";
				INFOPLIST_KEY_UISupportedInterfaceOrientations_iPad = "UIInterfaceOrientationPortrait UIInterfaceOrientationPortraitUpsideDown UIInterfaceOrientationLandscapeLeft UIInterfaceOrientationLandscapeRight";
				IPHONEOS_DEPLOYMENT_TARGET = 15.0;
				LD_RUNPATH_SEARCH_PATHS = (
					"$(inherited)",
					"@executable_path/Frameworks",
				);
				MARKETING_VERSION = 1.0;
				OTHER_LDFLAGS = (
					"-framework",
					SafariServices,
					"-framework",
					WebKit,
				);
				PRODUCT_BUNDLE_IDENTIFIER = ly.unfur.UnfurlyExtension;
				PRODUCT_NAME = UnfurlyExtension;
				SDKROOT = iphoneos;
				SWIFT_EMIT_LOC_STRINGS = YES;
				SWIFT_VERSION = 5.0;
				TARGETED_DEVICE_FAMILY = "1,2";
				VALIDATE_PRODUCT = YES;
			};
			name = Release;
		};
		4269CBEB2D7E088700435E16 /* Debug */ = {
			isa = XCBuildConfiguration;
			buildSettings = {
				CODE_SIGN_ENTITLEMENTS = "macOS (Extension)/UnfurlyExtension.entitlements";
				CODE_SIGN_STYLE = Automatic;
				CURRENT_PROJECT_VERSION = 1;
				DEVELOPMENT_TEAM = HDB572RDP2;
				ENABLE_HARDENED_RUNTIME = YES;
				GENERATE_INFOPLIST_FILE = YES;
				INFOPLIST_FILE = "macOS (Extension)/Info.plist";
				INFOPLIST_KEY_CFBundleDisplayName = "UnfurlyExtension Extension";
				INFOPLIST_KEY_NSHumanReadableCopyright = "";
				LD_RUNPATH_SEARCH_PATHS = (
					"$(inherited)",
					"@executable_path/../Frameworks",
					"@executable_path/../../../../Frameworks",
				);
				MACOSX_DEPLOYMENT_TARGET = 10.14;
				MARKETING_VERSION = 1.0;
				OTHER_LDFLAGS = (
					"-framework",
					SafariServices,
				);
				PRODUCT_BUNDLE_IDENTIFIER = ly.unfur.UnfurlyExtension.Extension;
				PRODUCT_NAME = "UnfurlyExtension Extension";
				SDKROOT = macosx;
				SKIP_INSTALL = YES;
				SWIFT_EMIT_LOC_STRINGS = YES;
				SWIFT_VERSION = 5.0;
			};
			name = Debug;
		};
		4269CBEC2D7E088700435E16 /* Release */ = {
			isa = XCBuildConfiguration;
			buildSettings = {
				CODE_SIGN_ENTITLEMENTS = "macOS (Extension)/UnfurlyExtension.entitlements";
				CODE_SIGN_STYLE = Automatic;
				CURRENT_PROJECT_VERSION = 1;
				DEVELOPMENT_TEAM = HDB572RDP2;
				ENABLE_HARDENED_RUNTIME = YES;
				GENERATE_INFOPLIST_FILE = YES;
				INFOPLIST_FILE = "macOS (Extension)/Info.plist";
				INFOPLIST_KEY_CFBundleDisplayName = "UnfurlyExtension Extension";
				INFOPLIST_KEY_NSHumanReadableCopyright = "";
				LD_RUNPATH_SEARCH_PATHS = (
					"$(inherited)",
					"@executable_path/../Frameworks",
					"@executable_path/../../../../Frameworks",
				);
				MACOSX_DEPLOYMENT_TARGET = 10.14;
				MARKETING_VERSION = 1.0;
				OTHER_LDFLAGS = (
					"-framework",
					SafariServices,
				);
				PRODUCT_BUNDLE_IDENTIFIER = ly.unfur.UnfurlyExtension.Extension;
				PRODUCT_NAME = "UnfurlyExtension Extension";
				SDKROOT = macosx;
				SKIP_INSTALL = YES;
				SWIFT_EMIT_LOC_STRINGS = YES;
				SWIFT_VERSION = 5.0;
			};
			name = Release;
		};
		4269CBF02D7E088700435E16 /* Debug */ = {
			isa = XCBuildConfiguration;
			buildSettings = {
				ASSETCATALOG_COMPILER_APPICON_NAME = AppIcon;
				ASSETCATALOG_COMPILER_GLOBAL_ACCENT_COLOR_NAME = AccentColor;
				CODE_SIGN_ENTITLEMENTS = "macOS (App)/UnfurlyExtension.entitlements";
				CODE_SIGN_STYLE = Automatic;
				CURRENT_PROJECT_VERSION = 1;
				DEVELOPMENT_TEAM = HDB572RDP2;
				ENABLE_HARDENED_RUNTIME = YES;
				GENERATE_INFOPLIST_FILE = YES;
				INFOPLIST_KEY_CFBundleDisplayName = UnfurlyExtension;
				INFOPLIST_KEY_NSMainStoryboardFile = Main;
				INFOPLIST_KEY_NSPrincipalClass = NSApplication;
				LD_RUNPATH_SEARCH_PATHS = (
					"$(inherited)",
					"@executable_path/../Frameworks",
				);
				MACOSX_DEPLOYMENT_TARGET = 10.14;
				MARKETING_VERSION = 1.0;
				OTHER_LDFLAGS = (
					"-framework",
					SafariServices,
					"-framework",
					WebKit,
				);
				PRODUCT_BUNDLE_IDENTIFIER = ly.unfur.UnfurlyExtension;
				PRODUCT_NAME = UnfurlyExtension;
				SDKROOT = macosx;
				SWIFT_EMIT_LOC_STRINGS = YES;
				SWIFT_VERSION = 5.0;
			};
			name = Debug;
		};
		4269CBF12D7E088700435E16 /* Release */ = {
			isa = XCBuildConfiguration;
			buildSettings = {
				ASSETCATALOG_COMPILER_APPICON_NAME = AppIcon;
				ASSETCATALOG_COMPILER_GLOBAL_ACCENT_COLOR_NAME = AccentColor;
				CODE_SIGN_ENTITLEMENTS = "macOS (App)/UnfurlyExtension.entitlements";
				CODE_SIGN_STYLE = Automatic;
				CURRENT_PROJECT_VERSION = 1;
				DEVELOPMENT_TEAM = HDB572RDP2;
				ENABLE_HARDENED_RUNTIME = YES;
				GENERATE_INFOPLIST_FILE = YES;
				INFOPLIST_KEY_CFBundleDisplayName = UnfurlyExtension;
				INFOPLIST_KEY_NSMainStoryboardFile = Main;
				INFOPLIST_KEY_NSPrincipalClass = NSApplication;
				LD_RUNPATH_SEARCH_PATHS = (
					"$(inherited)",
					"@executable_path/../Frameworks",
				);
				MACOSX_DEPLOYMENT_TARGET = 10.14;
				MARKETING_VERSION = 1.0;
				OTHER_LDFLAGS = (
					"-framework",
					SafariServices,
					"-framework",
					WebKit,
				);
				PRODUCT_BUNDLE_IDENTIFIER = ly.unfur.UnfurlyExtension;
				PRODUCT_NAME = UnfurlyExtension;
				SDKROOT = macosx;
				SWIFT_EMIT_LOC_STRINGS = YES;
				SWIFT_VERSION = 5.0;
			};
			name = Release;
		};
		4269CBF42D7E088700435E16 /* Debug */ = {
			isa = XCBuildConfiguration;
			buildSettings = {
				ALWAYS_SEARCH_USER_PATHS = NO;
				ASSETCATALOG_COMPILER_GENERATE_SWIFT_ASSET_SYMBOL_EXTENSIONS = YES;
				CLANG_ANALYZER_NONNULL = YES;
				CLANG_ANALYZER_NUMBER_OBJECT_CONVERSION = YES_AGGRESSIVE;
				CLANG_CXX_LANGUAGE_STANDARD = "gnu++20";
				CLANG_ENABLE_MODULES = YES;
				CLANG_ENABLE_OBJC_ARC = YES;
				CLANG_ENABLE_OBJC_WEAK = YES;
				CLANG_WARN_BLOCK_CAPTURE_AUTORELEASING = YES;
				CLANG_WARN_BOOL_CONVERSION = YES;
				CLANG_WARN_COMMA = YES;
				CLANG_WARN_CONSTANT_CONVERSION = YES;
				CLANG_WARN_DEPRECATED_OBJC_IMPLEMENTATIONS = YES;
				CLANG_WARN_DIRECT_OBJC_ISA_USAGE = YES_ERROR;
				CLANG_WARN_DOCUMENTATION_COMMENTS = YES;
				CLANG_WARN_EMPTY_BODY = YES;
				CLANG_WARN_ENUM_CONVERSION = YES;
				CLANG_WARN_INFINITE_RECURSION = YES;
				CLANG_WARN_INT_CONVERSION = YES;
				CLANG_WARN_NON_LITERAL_NULL_CONVERSION = YES;
				CLANG_WARN_OBJC_IMPLICIT_RETAIN_SELF = YES;
				CLANG_WARN_OBJC_LITERAL_CONVERSION = YES;
				CLANG_WARN_OBJC_ROOT_CLASS = YES_ERROR;
				CLANG_WARN_QUOTED_INCLUDE_IN_FRAMEWORK_HEADER = YES;
				CLANG_WARN_RANGE_LOOP_ANALYSIS = YES;
				CLANG_WARN_STRICT_PROTOTYPES = YES;
				CLANG_WARN_SUSPICIOUS_MOVE = YES;
				CLANG_WARN_UNGUARDED_AVAILABILITY = YES_AGGRESSIVE;
				CLANG_WARN_UNREACHABLE_CODE = YES;
				CLANG_WARN__DUPLICATE_METHOD_MATCH = YES;
				COPY_PHASE_STRIP = NO;
				DEBUG_INFORMATION_FORMAT = dwarf;
				ENABLE_STRICT_OBJC_MSGSEND = YES;
				ENABLE_TESTABILITY = YES;
				ENABLE_USER_SCRIPT_SANDBOXING = YES;
				GCC_C_LANGUAGE_STANDARD = gnu17;
				GCC_DYNAMIC_NO_PIC = NO;
				GCC_NO_COMMON_BLOCKS = YES;
				GCC_OPTIMIZATION_LEVEL = 0;
				GCC_PREPROCESSOR_DEFINITIONS = (
					"DEBUG=1",
					"$(inherited)",
				);
				GCC_WARN_64_TO_32_BIT_CONVERSION = YES;
				GCC_WARN_ABOUT_RETURN_TYPE = YES_ERROR;
				GCC_WARN_UNDECLARED_SELECTOR = YES;
				GCC_WARN_UNINITIALIZED_AUTOS = YES_AGGRESSIVE;
				GCC_WARN_UNUSED_FUNCTION = YES;
				GCC_WARN_UNUSED_VARIABLE = YES;
				LOCALIZATION_PREFERS_STRING_CATALOGS = YES;
				MTL_ENABLE_DEBUG_INFO = INCLUDE_SOURCE;
				MTL_FAST_MATH = YES;
				ONLY_ACTIVE_ARCH = YES;
				SWIFT_ACTIVE_COMPILATION_CONDITIONS = "DEBUG $(inherited)";
				SWIFT_OPTIMIZATION_LEVEL = "-Onone";
			};
			name = Debug;
		};
		4269CBF52D7E088700435E16 /* Release */ = {
			isa = XCBuildConfiguration;
			buildSettings = {
				ALWAYS_SEARCH_USER_PATHS = NO;
				ASSETCATALOG_COMPILER_GENERATE_SWIFT_ASSET_SYMBOL_EXTENSIONS = YES;
				CLANG_ANALYZER_NONNULL = YES;
				CLANG_ANALYZER_NUMBER_OBJECT_CONVERSION = YES_AGGRESSIVE;
				CLANG_CXX_LANGUAGE_STANDARD = "gnu++20";
				CLANG_ENABLE_MODULES = YES;
				CLANG_ENABLE_OBJC_ARC = YES;
				CLANG_ENABLE_OBJC_WEAK = YES;
				CLANG_WARN_BLOCK_CAPTURE_AUTORELEASING = YES;
				CLANG_WARN_BOOL_CONVERSION = YES;
				CLANG_WARN_COMMA = YES;
				CLANG_WARN_CONSTANT_CONVERSION = YES;
				CLANG_WARN_DEPRECATED_OBJC_IMPLEMENTATIONS = YES;
				CLANG_WARN_DIRECT_OBJC_ISA_USAGE = YES_ERROR;
				CLANG_WARN_DOCUMENTATION_COMMENTS = YES;
				CLANG_WARN_EMPTY_BODY = YES;
				CLANG_WARN_ENUM_CONVERSION = YES;
				CLANG_WARN_INFINITE_RECURSION = YES;
				CLANG_WARN_INT_CONVERSION = YES;
				CLANG_WARN_NON_LITERAL_NULL_CONVERSION = YES;
				CLANG_WARN_OBJC_IMPLICIT_RETAIN_SELF = YES;
				CLANG_WARN_OBJC_LITERAL_CONVERSION = YES;
				CLANG_WARN_OBJC_ROOT_CLASS = YES_ERROR;
				CLANG_WARN_QUOTED_INCLUDE_IN_FRAMEWORK_HEADER = YES;
				CLANG_WARN_RANGE_LOOP_ANALYSIS = YES;
				CLANG_WARN_STRICT_PROTOTYPES = YES;
				CLANG_WARN_SUSPICIOUS_MOVE = YES;
				CLANG_WARN_UNGUARDED_AVAILABILITY = YES_AGGRESSIVE;
				CLANG_WARN_UNREACHABLE_CODE = YES;
				CLANG_WARN__DUPLICATE_METHOD_MATCH = YES;
				COPY_PHASE_STRIP = NO;
				DEBUG_INFORMATION_FORMAT = "dwarf-with-dsym";
				ENABLE_NS_ASSERTIONS = NO;
				ENABLE_STRICT_OBJC_MSGSEND = YES;
				ENABLE_USER_SCRIPT_SANDBOXING = YES;
				GCC_C_LANGUAGE_STANDARD = gnu17;
				GCC_NO_COMMON_BLOCKS = YES;
				GCC_WARN_64_TO_32_BIT_CONVERSION = YES;
				GCC_WARN_ABOUT_RETURN_TYPE = YES_ERROR;
				GCC_WARN_UNDECLARED_SELECTOR = YES;
				GCC_WARN_UNINITIALIZED_AUTOS = YES_AGGRESSIVE;
				GCC_WARN_UNUSED_FUNCTION = YES;
				GCC_WARN_UNUSED_VARIABLE = YES;
				LOCALIZATION_PREFERS_STRING_CATALOGS = YES;
				MTL_ENABLE_DEBUG_INFO = NO;
				MTL_FAST_MATH = YES;
				SWIFT_COMPILATION_MODE = wholemodule;
			};
			name = Release;
		};
/* End XCBuildConfiguration section */

/* Begin XCConfigurationList section */
		4269CB792D7E088500435E16 /* Build configuration list for PBXProject "UnfurlyExtension" */ = {
			isa = XCConfigurationList;
			buildConfigurations = (
				4269CBF42D7E088700435E16 /* Debug */,
				4269CBF52D7E088700435E16 /* Release */,
			);
			defaultConfigurationIsVisible = 0;
			defaultConfigurationName = Release;
		};
		4269CBE02D7E088700435E16 /* Build configuration list for PBXNativeTarget "UnfurlyExtension Extension (iOS)" */ = {
			isa = XCConfigurationList;
			buildConfigurations = (
				4269CBE12D7E088700435E16 /* Debug */,
				4269CBE22D7E088700435E16 /* Release */,
			);
			defaultConfigurationIsVisible = 0;
			defaultConfigurationName = Release;
		};
		4269CBE52D7E088700435E16 /* Build configuration list for PBXNativeTarget "UnfurlyExtension (iOS)" */ = {
			isa = XCConfigurationList;
			buildConfigurations = (
				4269CBE62D7E088700435E16 /* Debug */,
				4269CBE72D7E088700435E16 /* Release */,
			);
			defaultConfigurationIsVisible = 0;
			defaultConfigurationName = Release;
		};
		4269CBEA2D7E088700435E16 /* Build configuration list for PBXNativeTarget "UnfurlyExtension Extension (macOS)" */ = {
			isa = XCConfigurationList;
			buildConfigurations = (
				4269CBEB2D7E088700435E16 /* Debug */,
				4269CBEC2D7E088700435E16 /* Release */,
			);
			defaultConfigurationIsVisible = 0;
			defaultConfigurationName = Release;
		};
		4269CBEF2D7E088700435E16 /* Build configuration list for PBXNativeTarget "UnfurlyExtension (macOS)" */ = {
			isa = XCConfigurationList;
			buildConfigurations = (
				4269CBF02D7E088700435E16 /* Debug */,
				4269CBF12D7E088700435E16 /* Release */,
			);
			defaultConfigurationIsVisible = 0;
			defaultConfigurationName = Release;
		};
/* End XCConfigurationList section */
	};
	rootObject = 4269CB762D7E088500435E16 /* Project object */;
}
